// !$*UTF8*$!
{
	archiveVersion = 1;
	classes = {
	};
	objectVersion = 46;
	objects = {

/* Begin PBXBuildFile section */
		1A27532B1AB5AB4400F0FA49 /* Article.swift in Sources */ = {isa = PBXBuildFile; fileRef = 1A27532A1AB5AB4400F0FA49 /* Article.swift */; };
		1A27532D1AB5AFA800F0FA49 /* ArticleList.swift in Sources */ = {isa = PBXBuildFile; fileRef = 1A27532C1AB5AFA800F0FA49 /* ArticleList.swift */; };
		1A27532F1AB5C4B300F0FA49 /* NSString+mdkn.swift in Sources */ = {isa = PBXBuildFile; fileRef = 1A27532E1AB5C4B300F0FA49 /* NSString+mdkn.swift */; };
		1A2753311AB5D58700F0FA49 /* FeatureViewController.swift in Sources */ = {isa = PBXBuildFile; fileRef = 1A2753301AB5D58700F0FA49 /* FeatureViewController.swift */; };
		1A2753331AB5D60E00F0FA49 /* Feature.swift in Sources */ = {isa = PBXBuildFile; fileRef = 1A2753321AB5D60E00F0FA49 /* Feature.swift */; };
		1A2753351AB5D61900F0FA49 /* FeatureList.swift in Sources */ = {isa = PBXBuildFile; fileRef = 1A2753341AB5D61900F0FA49 /* FeatureList.swift */; };
		1A2753371AB5D77300F0FA49 /* FeatureTableViewCell.swift in Sources */ = {isa = PBXBuildFile; fileRef = 1A2753361AB5D77300F0FA49 /* FeatureTableViewCell.swift */; };
		1A2753391AB5D78800F0FA49 /* Feature1x1TableViewCell.swift in Sources */ = {isa = PBXBuildFile; fileRef = 1A2753381AB5D78800F0FA49 /* Feature1x1TableViewCell.swift */; };
		1A27533B1AB5D79C00F0FA49 /* FeatureBigTableViewCell.swift in Sources */ = {isa = PBXBuildFile; fileRef = 1A27533A1AB5D79C00F0FA49 /* FeatureBigTableViewCell.swift */; };
		1A2BA70F1A8F2EBE0088B300 /* ArticleTableViewCell.swift in Sources */ = {isa = PBXBuildFile; fileRef = 1A2BA70D1A8F2EBE0088B300 /* ArticleTableViewCell.swift */; };
		1A2BA71A1A8F653D0088B300 /* UIColor+mdkn.swift in Sources */ = {isa = PBXBuildFile; fileRef = 1A2BA7191A8F653D0088B300 /* UIColor+mdkn.swift */; };
		1A2BA71C1A8FB8FD0088B300 /* ArticleBigTableViewCell.swift in Sources */ = {isa = PBXBuildFile; fileRef = 1A2BA71B1A8FB8FD0088B300 /* ArticleBigTableViewCell.swift */; };
		1A2BA71E1A8FBE4C0088B300 /* Article1x1TableViewCell.swift in Sources */ = {isa = PBXBuildFile; fileRef = 1A2BA71D1A8FBE4C0088B300 /* Article1x1TableViewCell.swift */; };
		1A4E180D1A8B8DAF009D12F6 /* AppDelegate.swift in Sources */ = {isa = PBXBuildFile; fileRef = 1A4E180C1A8B8DAF009D12F6 /* AppDelegate.swift */; };
		1A4E18101A8B8DAF009D12F6 /* mdkn_ios.xcdatamodeld in Sources */ = {isa = PBXBuildFile; fileRef = 1A4E180E1A8B8DAF009D12F6 /* mdkn_ios.xcdatamodeld */; };
		1A4E18121A8B8DAF009D12F6 /* ArticleViewController.swift in Sources */ = {isa = PBXBuildFile; fileRef = 1A4E18111A8B8DAF009D12F6 /* ArticleViewController.swift */; };
		1A4E18151A8B8DAF009D12F6 /* Main.storyboard in Resources */ = {isa = PBXBuildFile; fileRef = 1A4E18131A8B8DAF009D12F6 /* Main.storyboard */; };
		1A4E18171A8B8DAF009D12F6 /* Images.xcassets in Resources */ = {isa = PBXBuildFile; fileRef = 1A4E18161A8B8DAF009D12F6 /* Images.xcassets */; };
		1A4E181A1A8B8DAF009D12F6 /* LaunchScreen.xib in Resources */ = {isa = PBXBuildFile; fileRef = 1A4E18181A8B8DAF009D12F6 /* LaunchScreen.xib */; };
		1A4E18261A8B8DAF009D12F6 /* mdkn_iosTests.swift in Sources */ = {isa = PBXBuildFile; fileRef = 1A4E18251A8B8DAF009D12F6 /* mdkn_iosTests.swift */; };
		1A4E18321A8BB001009D12F6 /* DetailViewController.swift in Sources */ = {isa = PBXBuildFile; fileRef = 1A4E18311A8BB001009D12F6 /* DetailViewController.swift */; };
		1A529F341AB3F646004240F2 /* CAPSPageMenu.swift in Sources */ = {isa = PBXBuildFile; fileRef = 1A529F331AB3F646004240F2 /* CAPSPageMenu.swift */; };
		1A529F361AB3F670004240F2 /* ViewController.swift in Sources */ = {isa = PBXBuildFile; fileRef = 1A529F351AB3F670004240F2 /* ViewController.swift */; };
		1ABEE7A31A8BD58500082DD0 /* json.swift in Sources */ = {isa = PBXBuildFile; fileRef = 1ABEE7A21A8BD58500082DD0 /* json.swift */; };
		1AE74CF41A8FE4F300A769CB /* QuartzCore.framework in Frameworks */ = {isa = PBXBuildFile; fileRef = 1AE74CF31A8FE4F300A769CB /* QuartzCore.framework */; };
		BEBCC751E5E3F6E821536012 /* Pods_mdkn_ios.framework in Frameworks */ = {isa = PBXBuildFile; fileRef = E35437E3B19C84379E693534 /* Pods_mdkn_ios.framework */; settings = {ATTRIBUTES = (Weak, ); }; };
/* End PBXBuildFile section */

/* Begin PBXContainerItemProxy section */
		1A4E18201A8B8DAF009D12F6 /* PBXContainerItemProxy */ = {
			isa = PBXContainerItemProxy;
			containerPortal = 1A4E17FF1A8B8DAF009D12F6 /* Project object */;
			proxyType = 1;
			remoteGlobalIDString = 1A4E18061A8B8DAF009D12F6;
			remoteInfo = "mdkn-ios";
		};
/* End PBXContainerItemProxy section */

/* Begin PBXFileReference section */
		1A27532A1AB5AB4400F0FA49 /* Article.swift */ = {isa = PBXFileReference; fileEncoding = 4; lastKnownFileType = sourcecode.swift; path = Article.swift; sourceTree = "<group>"; };
		1A27532C1AB5AFA800F0FA49 /* ArticleList.swift */ = {isa = PBXFileReference; fileEncoding = 4; lastKnownFileType = sourcecode.swift; path = ArticleList.swift; sourceTree = "<group>"; };
		1A27532E1AB5C4B300F0FA49 /* NSString+mdkn.swift */ = {isa = PBXFileReference; fileEncoding = 4; lastKnownFileType = sourcecode.swift; path = "NSString+mdkn.swift"; sourceTree = "<group>"; };
		1A2753301AB5D58700F0FA49 /* FeatureViewController.swift */ = {isa = PBXFileReference; fileEncoding = 4; lastKnownFileType = sourcecode.swift; path = FeatureViewController.swift; sourceTree = "<group>"; };
		1A2753321AB5D60E00F0FA49 /* Feature.swift */ = {isa = PBXFileReference; fileEncoding = 4; lastKnownFileType = sourcecode.swift; path = Feature.swift; sourceTree = "<group>"; };
		1A2753341AB5D61900F0FA49 /* FeatureList.swift */ = {isa = PBXFileReference; fileEncoding = 4; lastKnownFileType = sourcecode.swift; path = FeatureList.swift; sourceTree = "<group>"; };
		1A2753361AB5D77300F0FA49 /* FeatureTableViewCell.swift */ = {isa = PBXFileReference; fileEncoding = 4; lastKnownFileType = sourcecode.swift; path = FeatureTableViewCell.swift; sourceTree = "<group>"; };
		1A2753381AB5D78800F0FA49 /* Feature1x1TableViewCell.swift */ = {isa = PBXFileReference; fileEncoding = 4; lastKnownFileType = sourcecode.swift; path = Feature1x1TableViewCell.swift; sourceTree = "<group>"; };
		1A27533A1AB5D79C00F0FA49 /* FeatureBigTableViewCell.swift */ = {isa = PBXFileReference; fileEncoding = 4; lastKnownFileType = sourcecode.swift; path = FeatureBigTableViewCell.swift; sourceTree = "<group>"; };
		1A2BA70D1A8F2EBE0088B300 /* ArticleTableViewCell.swift */ = {isa = PBXFileReference; fileEncoding = 4; lastKnownFileType = sourcecode.swift; path = ArticleTableViewCell.swift; sourceTree = "<group>"; };
		1A2BA7191A8F653D0088B300 /* UIColor+mdkn.swift */ = {isa = PBXFileReference; fileEncoding = 4; lastKnownFileType = sourcecode.swift; path = "UIColor+mdkn.swift"; sourceTree = "<group>"; };
		1A2BA71B1A8FB8FD0088B300 /* ArticleBigTableViewCell.swift */ = {isa = PBXFileReference; fileEncoding = 4; lastKnownFileType = sourcecode.swift; path = ArticleBigTableViewCell.swift; sourceTree = "<group>"; };
		1A2BA71D1A8FBE4C0088B300 /* Article1x1TableViewCell.swift */ = {isa = PBXFileReference; fileEncoding = 4; lastKnownFileType = sourcecode.swift; path = Article1x1TableViewCell.swift; sourceTree = "<group>"; };
		1A4E18071A8B8DAF009D12F6 /* mdkn-ios.app */ = {isa = PBXFileReference; explicitFileType = wrapper.application; includeInIndex = 0; path = "mdkn-ios.app"; sourceTree = BUILT_PRODUCTS_DIR; };
		1A4E180B1A8B8DAF009D12F6 /* Info.plist */ = {isa = PBXFileReference; lastKnownFileType = text.plist.xml; path = Info.plist; sourceTree = "<group>"; };
		1A4E180C1A8B8DAF009D12F6 /* AppDelegate.swift */ = {isa = PBXFileReference; lastKnownFileType = sourcecode.swift; path = AppDelegate.swift; sourceTree = "<group>"; };
		1A4E180F1A8B8DAF009D12F6 /* mdkn_ios.xcdatamodel */ = {isa = PBXFileReference; lastKnownFileType = wrapper.xcdatamodel; path = mdkn_ios.xcdatamodel; sourceTree = "<group>"; };
		1A4E18111A8B8DAF009D12F6 /* ArticleViewController.swift */ = {isa = PBXFileReference; lastKnownFileType = sourcecode.swift; path = ArticleViewController.swift; sourceTree = "<group>"; };
		1A4E18141A8B8DAF009D12F6 /* Base */ = {isa = PBXFileReference; lastKnownFileType = file.storyboard; name = Base; path = Base.lproj/Main.storyboard; sourceTree = "<group>"; };
		1A4E18161A8B8DAF009D12F6 /* Images.xcassets */ = {isa = PBXFileReference; lastKnownFileType = folder.assetcatalog; path = Images.xcassets; sourceTree = "<group>"; };
		1A4E18191A8B8DAF009D12F6 /* Base */ = {isa = PBXFileReference; lastKnownFileType = file.xib; name = Base; path = Base.lproj/LaunchScreen.xib; sourceTree = "<group>"; };
		1A4E181F1A8B8DAF009D12F6 /* mdkn-iosTests.xctest */ = {isa = PBXFileReference; explicitFileType = wrapper.cfbundle; includeInIndex = 0; path = "mdkn-iosTests.xctest"; sourceTree = BUILT_PRODUCTS_DIR; };
		1A4E18241A8B8DAF009D12F6 /* Info.plist */ = {isa = PBXFileReference; lastKnownFileType = text.plist.xml; path = Info.plist; sourceTree = "<group>"; };
		1A4E18251A8B8DAF009D12F6 /* mdkn_iosTests.swift */ = {isa = PBXFileReference; lastKnownFileType = sourcecode.swift; path = mdkn_iosTests.swift; sourceTree = "<group>"; };
		1A4E18311A8BB001009D12F6 /* DetailViewController.swift */ = {isa = PBXFileReference; fileEncoding = 4; lastKnownFileType = sourcecode.swift; path = DetailViewController.swift; sourceTree = "<group>"; };
		1A529F2D1AACAED0004240F2 /* Pods-mdkn-iosTests.debug.xcconfig */ = {isa = PBXFileReference; lastKnownFileType = text.xcconfig; path = "Pods-mdkn-iosTests.debug.xcconfig"; sourceTree = "<group>"; };
		1A529F2E1AACAEF5004240F2 /* Pods-mdkn-iosTests.release.xcconfig */ = {isa = PBXFileReference; lastKnownFileType = text.xcconfig; path = "Pods-mdkn-iosTests.release.xcconfig"; sourceTree = "<group>"; };
		1A529F331AB3F646004240F2 /* CAPSPageMenu.swift */ = {isa = PBXFileReference; fileEncoding = 4; lastKnownFileType = sourcecode.swift; path = CAPSPageMenu.swift; sourceTree = "<group>"; };
		1A529F351AB3F670004240F2 /* ViewController.swift */ = {isa = PBXFileReference; fileEncoding = 4; lastKnownFileType = sourcecode.swift; path = ViewController.swift; sourceTree = "<group>"; };
		1ABEE7A21A8BD58500082DD0 /* json.swift */ = {isa = PBXFileReference; fileEncoding = 4; lastKnownFileType = sourcecode.swift; name = json.swift; path = "../../swift-json/json/json.swift"; sourceTree = "<group>"; };
		1AE74CF31A8FE4F300A769CB /* QuartzCore.framework */ = {isa = PBXFileReference; lastKnownFileType = wrapper.framework; name = QuartzCore.framework; path = System/Library/Frameworks/QuartzCore.framework; sourceTree = SDKROOT; };
		372027CC0C82A959FBB7D20C /* Pods-mdkn-ios.debug.xcconfig */ = {isa = PBXFileReference; includeInIndex = 1; lastKnownFileType = text.xcconfig; name = "Pods-mdkn-ios.debug.xcconfig"; path = "Pods/Target Support Files/Pods-mdkn-ios/Pods-mdkn-ios.debug.xcconfig"; sourceTree = "<group>"; };
		50E88460F6906FF91BD065CB /* Pods-mdkn-ios.release.xcconfig */ = {isa = PBXFileReference; includeInIndex = 1; lastKnownFileType = text.xcconfig; name = "Pods-mdkn-ios.release.xcconfig"; path = "Pods/Target Support Files/Pods-mdkn-ios/Pods-mdkn-ios.release.xcconfig"; sourceTree = "<group>"; };
		E35437E3B19C84379E693534 /* Pods_mdkn_ios.framework */ = {isa = PBXFileReference; explicitFileType = wrapper.framework; includeInIndex = 0; path = Pods_mdkn_ios.framework; sourceTree = BUILT_PRODUCTS_DIR; };
/* End PBXFileReference section */

/* Begin PBXFrameworksBuildPhase section */
		1A4E18041A8B8DAF009D12F6 /* Frameworks */ = {
			isa = PBXFrameworksBuildPhase;
			buildActionMask = 2147483647;
			files = (
				1AE74CF41A8FE4F300A769CB /* QuartzCore.framework in Frameworks */,
				BEBCC751E5E3F6E821536012 /* Pods_mdkn_ios.framework in Frameworks */,
			);
			runOnlyForDeploymentPostprocessing = 0;
		};
		1A4E181C1A8B8DAF009D12F6 /* Frameworks */ = {
			isa = PBXFrameworksBuildPhase;
			buildActionMask = 2147483647;
			files = (
			);
			runOnlyForDeploymentPostprocessing = 0;
		};
/* End PBXFrameworksBuildPhase section */

/* Begin PBXGroup section */
		1A2753291AB5AB0400F0FA49 /* Model */ = {
			isa = PBXGroup;
			children = (
				1A27532A1AB5AB4400F0FA49 /* Article.swift */,
				1A27532C1AB5AFA800F0FA49 /* ArticleList.swift */,
				1A2753321AB5D60E00F0FA49 /* Feature.swift */,
				1A2753341AB5D61900F0FA49 /* FeatureList.swift */,
			);
			name = Model;
			sourceTree = "<group>";
		};
		1A2BA7111A8F532D0088B300 /* Config */ = {
			isa = PBXGroup;
			children = (
				1A2BA7191A8F653D0088B300 /* UIColor+mdkn.swift */,
				1A27532E1AB5C4B300F0FA49 /* NSString+mdkn.swift */,
			);
			name = Config;
			sourceTree = "<group>";
		};
		1A4E17FE1A8B8DAF009D12F6 = {
			isa = PBXGroup;
			children = (
				1AE74CF31A8FE4F300A769CB /* QuartzCore.framework */,
				1A4E18091A8B8DAF009D12F6 /* mdkn-ios */,
				1A4E18221A8B8DAF009D12F6 /* mdkn-iosTests */,
				1A4E18081A8B8DAF009D12F6 /* Products */,
				DFCF95EED24AABFC5E417169 /* Pods */,
				78C2C4EE2A7AFADED3B8D0EE /* Frameworks */,
			);
			sourceTree = "<group>";
		};
		1A4E18081A8B8DAF009D12F6 /* Products */ = {
			isa = PBXGroup;
			children = (
				1A4E18071A8B8DAF009D12F6 /* mdkn-ios.app */,
				1A4E181F1A8B8DAF009D12F6 /* mdkn-iosTests.xctest */,
			);
			name = Products;
			sourceTree = "<group>";
		};
		1A4E18091A8B8DAF009D12F6 /* mdkn-ios */ = {
			isa = PBXGroup;
			children = (
				1A4E180C1A8B8DAF009D12F6 /* AppDelegate.swift */,
				1ABEE79F1A8BCFF200082DD0 /* Source */,
				1A2BA7111A8F532D0088B300 /* Config */,
				1A2753291AB5AB0400F0FA49 /* Model */,
				1AE74CF21A8FD86200A769CB /* Controller */,
				1AE74CF11A8FD84B00A769CB /* View */,
				1A4E18131A8B8DAF009D12F6 /* Main.storyboard */,
				1A4E18161A8B8DAF009D12F6 /* Images.xcassets */,
				1A4E18181A8B8DAF009D12F6 /* LaunchScreen.xib */,
				1A4E180E1A8B8DAF009D12F6 /* mdkn_ios.xcdatamodeld */,
				1A4E180A1A8B8DAF009D12F6 /* Supporting Files */,
			);
			path = "mdkn-ios";
			sourceTree = "<group>";
		};
		1A4E180A1A8B8DAF009D12F6 /* Supporting Files */ = {
			isa = PBXGroup;
			children = (
				1A4E180B1A8B8DAF009D12F6 /* Info.plist */,
			);
			name = "Supporting Files";
			sourceTree = "<group>";
		};
		1A4E18221A8B8DAF009D12F6 /* mdkn-iosTests */ = {
			isa = PBXGroup;
			children = (
				1A4E18251A8B8DAF009D12F6 /* mdkn_iosTests.swift */,
				1A4E18231A8B8DAF009D12F6 /* Supporting Files */,
			);
			path = "mdkn-iosTests";
			sourceTree = "<group>";
		};
		1A4E18231A8B8DAF009D12F6 /* Supporting Files */ = {
			isa = PBXGroup;
			children = (
				1A4E18241A8B8DAF009D12F6 /* Info.plist */,
			);
			name = "Supporting Files";
			sourceTree = "<group>";
		};
		1ABEE79F1A8BCFF200082DD0 /* Source */ = {
			isa = PBXGroup;
			children = (
				1ABEE7A21A8BD58500082DD0 /* json.swift */,
				1A529F331AB3F646004240F2 /* CAPSPageMenu.swift */,
			);
			name = Source;
			sourceTree = "<group>";
		};
		1AE74CF11A8FD84B00A769CB /* View */ = {
			isa = PBXGroup;
			children = (
				1A2BA70D1A8F2EBE0088B300 /* ArticleTableViewCell.swift */,
				1A2BA71D1A8FBE4C0088B300 /* Article1x1TableViewCell.swift */,
				1A2BA71B1A8FB8FD0088B300 /* ArticleBigTableViewCell.swift */,
				1A2753361AB5D77300F0FA49 /* FeatureTableViewCell.swift */,
				1A2753381AB5D78800F0FA49 /* Feature1x1TableViewCell.swift */,
				1A27533A1AB5D79C00F0FA49 /* FeatureBigTableViewCell.swift */,
			);
			name = View;
			sourceTree = "<group>";
		};
		1AE74CF21A8FD86200A769CB /* Controller */ = {
			isa = PBXGroup;
			children = (
				1A4E18111A8B8DAF009D12F6 /* ArticleViewController.swift */,
				1A2753301AB5D58700F0FA49 /* FeatureViewController.swift */,
				1A4E18311A8BB001009D12F6 /* DetailViewController.swift */,
				1A529F351AB3F670004240F2 /* ViewController.swift */,
			);
			name = Controller;
			sourceTree = "<group>";
		};
		78C2C4EE2A7AFADED3B8D0EE /* Frameworks */ = {
			isa = PBXGroup;
			children = (
				E35437E3B19C84379E693534 /* Pods_mdkn_ios.framework */,
			);
			name = Frameworks;
			sourceTree = "<group>";
		};
		DFCF95EED24AABFC5E417169 /* Pods */ = {
			isa = PBXGroup;
			children = (
				372027CC0C82A959FBB7D20C /* Pods-mdkn-ios.debug.xcconfig */,
				50E88460F6906FF91BD065CB /* Pods-mdkn-ios.release.xcconfig */,
				1A529F2D1AACAED0004240F2 /* Pods-mdkn-iosTests.debug.xcconfig */,
				1A529F2E1AACAEF5004240F2 /* Pods-mdkn-iosTests.release.xcconfig */,
			);
			name = Pods;
			sourceTree = "<group>";
		};
/* End PBXGroup section */

/* Begin PBXNativeTarget section */
		1A4E18061A8B8DAF009D12F6 /* mdkn-ios */ = {
			isa = PBXNativeTarget;
			buildConfigurationList = 1A4E18291A8B8DAF009D12F6 /* Build configuration list for PBXNativeTarget "mdkn-ios" */;
			buildPhases = (
				106417AB09CCEECDC1A1A712 /* Check Pods Manifest.lock */,
				1A4E18031A8B8DAF009D12F6 /* Sources */,
				1A4E18041A8B8DAF009D12F6 /* Frameworks */,
				1A4E18051A8B8DAF009D12F6 /* Resources */,
				2D07B9D3160A926A522F67EB /* Embed Pods Frameworks */,
				240B8F647B164D1C265A44FF /* Copy Pods Resources */,
			);
			buildRules = (
			);
			dependencies = (
			);
			name = "mdkn-ios";
			productName = "mdkn-ios";
			productReference = 1A4E18071A8B8DAF009D12F6 /* mdkn-ios.app */;
			productType = "com.apple.product-type.application";
		};
		1A4E181E1A8B8DAF009D12F6 /* mdkn-iosTests */ = {
			isa = PBXNativeTarget;
			buildConfigurationList = 1A4E182C1A8B8DAF009D12F6 /* Build configuration list for PBXNativeTarget "mdkn-iosTests" */;
			buildPhases = (
				1A4E181B1A8B8DAF009D12F6 /* Sources */,
				1A4E181C1A8B8DAF009D12F6 /* Frameworks */,
				1A4E181D1A8B8DAF009D12F6 /* Resources */,
			);
			buildRules = (
			);
			dependencies = (
				1A4E18211A8B8DAF009D12F6 /* PBXTargetDependency */,
			);
			name = "mdkn-iosTests";
			productName = "mdkn-iosTests";
			productReference = 1A4E181F1A8B8DAF009D12F6 /* mdkn-iosTests.xctest */;
			productType = "com.apple.product-type.bundle.unit-test";
		};
/* End PBXNativeTarget section */

/* Begin PBXProject section */
		1A4E17FF1A8B8DAF009D12F6 /* Project object */ = {
			isa = PBXProject;
			attributes = {
				LastUpgradeCheck = 0610;
				ORGANIZATIONNAME = "Hayato Kato";
				TargetAttributes = {
					1A4E18061A8B8DAF009D12F6 = {
						CreatedOnToolsVersion = 6.1.1;
						DevelopmentTeam = 4DDPJH3Q69;
					};
					1A4E181E1A8B8DAF009D12F6 = {
						CreatedOnToolsVersion = 6.1.1;
						TestTargetID = 1A4E18061A8B8DAF009D12F6;
					};
				};
			};
			buildConfigurationList = 1A4E18021A8B8DAF009D12F6 /* Build configuration list for PBXProject "mdkn-ios" */;
			compatibilityVersion = "Xcode 3.2";
			developmentRegion = English;
			hasScannedForEncodings = 0;
			knownRegions = (
				en,
				Base,
			);
			mainGroup = 1A4E17FE1A8B8DAF009D12F6;
			productRefGroup = 1A4E18081A8B8DAF009D12F6 /* Products */;
			projectDirPath = "";
			projectRoot = "";
			targets = (
				1A4E18061A8B8DAF009D12F6 /* mdkn-ios */,
				1A4E181E1A8B8DAF009D12F6 /* mdkn-iosTests */,
			);
		};
/* End PBXProject section */

/* Begin PBXResourcesBuildPhase section */
		1A4E18051A8B8DAF009D12F6 /* Resources */ = {
			isa = PBXResourcesBuildPhase;
			buildActionMask = 2147483647;
			files = (
				1A4E18151A8B8DAF009D12F6 /* Main.storyboard in Resources */,
				1A4E181A1A8B8DAF009D12F6 /* LaunchScreen.xib in Resources */,
				1A4E18171A8B8DAF009D12F6 /* Images.xcassets in Resources */,
			);
			runOnlyForDeploymentPostprocessing = 0;
		};
		1A4E181D1A8B8DAF009D12F6 /* Resources */ = {
			isa = PBXResourcesBuildPhase;
			buildActionMask = 2147483647;
			files = (
			);
			runOnlyForDeploymentPostprocessing = 0;
		};
/* End PBXResourcesBuildPhase section */

/* Begin PBXShellScriptBuildPhase section */
		106417AB09CCEECDC1A1A712 /* Check Pods Manifest.lock */ = {
			isa = PBXShellScriptBuildPhase;
			buildActionMask = 2147483647;
			files = (
			);
			inputPaths = (
			);
			name = "Check Pods Manifest.lock";
			outputPaths = (
			);
			runOnlyForDeploymentPostprocessing = 0;
			shellPath = /bin/sh;
			shellScript = "diff \"${PODS_ROOT}/../Podfile.lock\" \"${PODS_ROOT}/Manifest.lock\" > /dev/null\nif [[ $? != 0 ]] ; then\n    cat << EOM\nerror: The sandbox is not in sync with the Podfile.lock. Run 'pod install' or update your CocoaPods installation.\nEOM\n    exit 1\nfi\n";
			showEnvVarsInLog = 0;
		};
		240B8F647B164D1C265A44FF /* Copy Pods Resources */ = {
			isa = PBXShellScriptBuildPhase;
			buildActionMask = 2147483647;
			files = (
			);
			inputPaths = (
			);
			name = "Copy Pods Resources";
			outputPaths = (
			);
			runOnlyForDeploymentPostprocessing = 0;
			shellPath = /bin/sh;
			shellScript = "\"${SRCROOT}/Pods/Target Support Files/Pods-mdkn-ios/Pods-mdkn-ios-resources.sh\"\n";
			showEnvVarsInLog = 0;
		};
		2D07B9D3160A926A522F67EB /* Embed Pods Frameworks */ = {
			isa = PBXShellScriptBuildPhase;
			buildActionMask = 2147483647;
			files = (
			);
			inputPaths = (
			);
			name = "Embed Pods Frameworks";
			outputPaths = (
			);
			runOnlyForDeploymentPostprocessing = 0;
			shellPath = /bin/sh;
			shellScript = "\"${SRCROOT}/Pods/Target Support Files/Pods-mdkn-ios/Pods-mdkn-ios-frameworks.sh\"\n";
			showEnvVarsInLog = 0;
		};
/* End PBXShellScriptBuildPhase section */

/* Begin PBXSourcesBuildPhase section */
		1A4E18031A8B8DAF009D12F6 /* Sources */ = {
			isa = PBXSourcesBuildPhase;
			buildActionMask = 2147483647;
			files = (
				1A2753391AB5D78800F0FA49 /* Feature1x1TableViewCell.swift in Sources */,
				1A27533B1AB5D79C00F0FA49 /* FeatureBigTableViewCell.swift in Sources */,
				1A27532B1AB5AB4400F0FA49 /* Article.swift in Sources */,
				1A4E18121A8B8DAF009D12F6 /* ArticleViewController.swift in Sources */,
				1A2753311AB5D58700F0FA49 /* FeatureViewController.swift in Sources */,
				1A4E18321A8BB001009D12F6 /* DetailViewController.swift in Sources */,
				1A2753331AB5D60E00F0FA49 /* Feature.swift in Sources */,
				1A529F341AB3F646004240F2 /* CAPSPageMenu.swift in Sources */,
				1ABEE7A31A8BD58500082DD0 /* json.swift in Sources */,
				1A4E180D1A8B8DAF009D12F6 /* AppDelegate.swift in Sources */,
				1A2BA71C1A8FB8FD0088B300 /* ArticleBigTableViewCell.swift in Sources */,
				1A529F361AB3F670004240F2 /* ViewController.swift in Sources */,
				1A2753351AB5D61900F0FA49 /* FeatureList.swift in Sources */,
				1A4E18101A8B8DAF009D12F6 /* mdkn_ios.xcdatamodeld in Sources */,
				1A2753371AB5D77300F0FA49 /* FeatureTableViewCell.swift in Sources */,
				1A27532D1AB5AFA800F0FA49 /* ArticleList.swift in Sources */,
				1A2BA71E1A8FBE4C0088B300 /* Article1x1TableViewCell.swift in Sources */,
				1A2BA70F1A8F2EBE0088B300 /* ArticleTableViewCell.swift in Sources */,
				1A2BA71A1A8F653D0088B300 /* UIColor+mdkn.swift in Sources */,
				1A27532F1AB5C4B300F0FA49 /* NSString+mdkn.swift in Sources */,
			);
			runOnlyForDeploymentPostprocessing = 0;
		};
		1A4E181B1A8B8DAF009D12F6 /* Sources */ = {
			isa = PBXSourcesBuildPhase;
			buildActionMask = 2147483647;
			files = (
				1A4E18261A8B8DAF009D12F6 /* mdkn_iosTests.swift in Sources */,
			);
			runOnlyForDeploymentPostprocessing = 0;
		};
/* End PBXSourcesBuildPhase section */

/* Begin PBXTargetDependency section */
		1A4E18211A8B8DAF009D12F6 /* PBXTargetDependency */ = {
			isa = PBXTargetDependency;
			target = 1A4E18061A8B8DAF009D12F6 /* mdkn-ios */;
			targetProxy = 1A4E18201A8B8DAF009D12F6 /* PBXContainerItemProxy */;
		};
/* End PBXTargetDependency section */

/* Begin PBXVariantGroup section */
		1A4E18131A8B8DAF009D12F6 /* Main.storyboard */ = {
			isa = PBXVariantGroup;
			children = (
				1A4E18141A8B8DAF009D12F6 /* Base */,
			);
			name = Main.storyboard;
			sourceTree = "<group>";
		};
		1A4E18181A8B8DAF009D12F6 /* LaunchScreen.xib */ = {
			isa = PBXVariantGroup;
			children = (
				1A4E18191A8B8DAF009D12F6 /* Base */,
			);
			name = LaunchScreen.xib;
			sourceTree = "<group>";
		};
/* End PBXVariantGroup section */

/* Begin XCBuildConfiguration section */
		1A4E18271A8B8DAF009D12F6 /* Debug */ = {
			isa = XCBuildConfiguration;
			buildSettings = {
				ALWAYS_SEARCH_USER_PATHS = NO;
				CLANG_CXX_LANGUAGE_STANDARD = "gnu++0x";
				CLANG_CXX_LIBRARY = "libc++";
				CLANG_ENABLE_MODULES = YES;
				CLANG_ENABLE_OBJC_ARC = YES;
				CLANG_WARN_BOOL_CONVERSION = YES;
				CLANG_WARN_CONSTANT_CONVERSION = YES;
				CLANG_WARN_DIRECT_OBJC_ISA_USAGE = YES_ERROR;
				CLANG_WARN_EMPTY_BODY = YES;
				CLANG_WARN_ENUM_CONVERSION = YES;
				CLANG_WARN_INT_CONVERSION = YES;
				CLANG_WARN_OBJC_ROOT_CLASS = YES_ERROR;
				CLANG_WARN_UNREACHABLE_CODE = YES;
				CLANG_WARN__DUPLICATE_METHOD_MATCH = YES;
				"CODE_SIGN_IDENTITY[sdk=iphoneos*]" = "iPhone Developer";
				COPY_PHASE_STRIP = NO;
				ENABLE_STRICT_OBJC_MSGSEND = YES;
				GCC_C_LANGUAGE_STANDARD = gnu99;
				GCC_DYNAMIC_NO_PIC = NO;
				GCC_OPTIMIZATION_LEVEL = 0;
				GCC_PREPROCESSOR_DEFINITIONS = (
					"DEBUG=1",
					"$(inherited)",
				);
				GCC_SYMBOLS_PRIVATE_EXTERN = NO;
				GCC_WARN_64_TO_32_BIT_CONVERSION = YES;
				GCC_WARN_ABOUT_RETURN_TYPE = YES_ERROR;
				GCC_WARN_UNDECLARED_SELECTOR = YES;
				GCC_WARN_UNINITIALIZED_AUTOS = YES_AGGRESSIVE;
				GCC_WARN_UNUSED_FUNCTION = YES;
				GCC_WARN_UNUSED_VARIABLE = YES;
				IPHONEOS_DEPLOYMENT_TARGET = 8.1;
				MTL_ENABLE_DEBUG_INFO = YES;
				ONLY_ACTIVE_ARCH = YES;
				SDKROOT = iphoneos;
				SWIFT_OPTIMIZATION_LEVEL = "-Onone";
			};
			name = Debug;
		};
		1A4E18281A8B8DAF009D12F6 /* Release */ = {
			isa = XCBuildConfiguration;
			buildSettings = {
				ALWAYS_SEARCH_USER_PATHS = NO;
				CLANG_CXX_LANGUAGE_STANDARD = "gnu++0x";
				CLANG_CXX_LIBRARY = "libc++";
				CLANG_ENABLE_MODULES = YES;
				CLANG_ENABLE_OBJC_ARC = YES;
				CLANG_WARN_BOOL_CONVERSION = YES;
				CLANG_WARN_CONSTANT_CONVERSION = YES;
				CLANG_WARN_DIRECT_OBJC_ISA_USAGE = YES_ERROR;
				CLANG_WARN_EMPTY_BODY = YES;
				CLANG_WARN_ENUM_CONVERSION = YES;
				CLANG_WARN_INT_CONVERSION = YES;
				CLANG_WARN_OBJC_ROOT_CLASS = YES_ERROR;
				CLANG_WARN_UNREACHABLE_CODE = YES;
				CLANG_WARN__DUPLICATE_METHOD_MATCH = YES;
				"CODE_SIGN_IDENTITY[sdk=iphoneos*]" = "iPhone Developer";
				COPY_PHASE_STRIP = YES;
				ENABLE_NS_ASSERTIONS = NO;
				ENABLE_STRICT_OBJC_MSGSEND = YES;
				GCC_C_LANGUAGE_STANDARD = gnu99;
				GCC_WARN_64_TO_32_BIT_CONVERSION = YES;
				GCC_WARN_ABOUT_RETURN_TYPE = YES_ERROR;
				GCC_WARN_UNDECLARED_SELECTOR = YES;
				GCC_WARN_UNINITIALIZED_AUTOS = YES_AGGRESSIVE;
				GCC_WARN_UNUSED_FUNCTION = YES;
				GCC_WARN_UNUSED_VARIABLE = YES;
				IPHONEOS_DEPLOYMENT_TARGET = 8.1;
				MTL_ENABLE_DEBUG_INFO = NO;
				SDKROOT = iphoneos;
				VALIDATE_PRODUCT = YES;
			};
			name = Release;
		};
		1A4E182A1A8B8DAF009D12F6 /* Debug */ = {
			isa = XCBuildConfiguration;
			baseConfigurationReference = 372027CC0C82A959FBB7D20C /* Pods-mdkn-ios.debug.xcconfig */;
			buildSettings = {
				ASSETCATALOG_COMPILER_APPICON_NAME = AppIcon;
				INFOPLIST_FILE = "mdkn-ios/Info.plist";
				LD_RUNPATH_SEARCH_PATHS = "$(inherited) @executable_path/Frameworks";
				PRODUCT_NAME = "$(TARGET_NAME)";
			};
			name = Debug;
		};
		1A4E182B1A8B8DAF009D12F6 /* Release */ = {
			isa = XCBuildConfiguration;
			baseConfigurationReference = 50E88460F6906FF91BD065CB /* Pods-mdkn-ios.release.xcconfig */;
			buildSettings = {
				ASSETCATALOG_COMPILER_APPICON_NAME = AppIcon;
				INFOPLIST_FILE = "mdkn-ios/Info.plist";
				LD_RUNPATH_SEARCH_PATHS = "$(inherited) @executable_path/Frameworks";
				PRODUCT_NAME = "$(TARGET_NAME)";
			};
			name = Release;
		};
		1A4E182D1A8B8DAF009D12F6 /* Debug */ = {
			isa = XCBuildConfiguration;
			buildSettings = {
				BUNDLE_LOADER = "$(TEST_HOST)";
				FRAMEWORK_SEARCH_PATHS = (
					"$(SDKROOT)/Developer/Library/Frameworks",
					"$(inherited)",
				);
				GCC_PREPROCESSOR_DEFINITIONS = (
					"DEBUG=1",
					"$(inherited)",
				);
				INFOPLIST_FILE = "mdkn-iosTests/Info.plist";
				LD_RUNPATH_SEARCH_PATHS = "$(inherited) @executable_path/Frameworks @loader_path/Frameworks";
				PRODUCT_NAME = "$(TARGET_NAME)";
				TEST_HOST = "$(BUILT_PRODUCTS_DIR)/mdkn-ios.app/mdkn-ios";
			};
			name = Debug;
		};
		1A4E182E1A8B8DAF009D12F6 /* Release */ = {
			isa = XCBuildConfiguration;
			buildSettings = {
				BUNDLE_LOADER = "$(TEST_HOST)";
				FRAMEWORK_SEARCH_PATHS = (
					"$(SDKROOT)/Developer/Library/Frameworks",
					"$(inherited)",
				);
				INFOPLIST_FILE = "mdkn-iosTests/Info.plist";
				LD_RUNPATH_SEARCH_PATHS = "$(inherited) @executable_path/Frameworks @loader_path/Frameworks";
				PRODUCT_NAME = "$(TARGET_NAME)";
				TEST_HOST = "$(BUILT_PRODUCTS_DIR)/mdkn-ios.app/mdkn-ios";
			};
			name = Release;
		};
/* End XCBuildConfiguration section */

/* Begin XCConfigurationList section */
		1A4E18021A8B8DAF009D12F6 /* Build configuration list for PBXProject "mdkn-ios" */ = {
			isa = XCConfigurationList;
			buildConfigurations = (
				1A4E18271A8B8DAF009D12F6 /* Debug */,
				1A4E18281A8B8DAF009D12F6 /* Release */,
			);
			defaultConfigurationIsVisible = 0;
			defaultConfigurationName = Release;
		};
		1A4E18291A8B8DAF009D12F6 /* Build configuration list for PBXNativeTarget "mdkn-ios" */ = {
			isa = XCConfigurationList;
			buildConfigurations = (
				1A4E182A1A8B8DAF009D12F6 /* Debug */,
				1A4E182B1A8B8DAF009D12F6 /* Release */,
			);
			defaultConfigurationIsVisible = 0;
			defaultConfigurationName = Release;
		};
		1A4E182C1A8B8DAF009D12F6 /* Build configuration list for PBXNativeTarget "mdkn-iosTests" */ = {
			isa = XCConfigurationList;
			buildConfigurations = (
				1A4E182D1A8B8DAF009D12F6 /* Debug */,
				1A4E182E1A8B8DAF009D12F6 /* Release */,
			);
			defaultConfigurationIsVisible = 0;
			defaultConfigurationName = Release;
		};
/* End XCConfigurationList section */

/* Begin XCVersionGroup section */
		1A4E180E1A8B8DAF009D12F6 /* mdkn_ios.xcdatamodeld */ = {
			isa = XCVersionGroup;
			children = (
				1A4E180F1A8B8DAF009D12F6 /* mdkn_ios.xcdatamodel */,
			);
			currentVersion = 1A4E180F1A8B8DAF009D12F6 /* mdkn_ios.xcdatamodel */;
			path = mdkn_ios.xcdatamodeld;
			sourceTree = "<group>";
			versionGroupType = wrapper.xcdatamodel;
		};
/* End XCVersionGroup section */
	};
	rootObject = 1A4E17FF1A8B8DAF009D12F6 /* Project object */;
}
